// !$*UTF8*$!
{
	archiveVersion = 1;
	classes = {
	};
	objectVersion = 51;
	objects = {

/* Begin PBXBuildFile section */
		251FD22622E75FB30015C9CA /* epub in Resources */ = {isa = PBXBuildFile; fileRef = 251FD22522E75FB30015C9CA /* epub */; };
		25728E7E229187B400DAC525 /* AppDelegate.swift in Sources */ = {isa = PBXBuildFile; fileRef = 25728E7D229187B400DAC525 /* AppDelegate.swift */; };
		25728E80229187B400DAC525 /* ViewController.swift in Sources */ = {isa = PBXBuildFile; fileRef = 25728E7F229187B400DAC525 /* ViewController.swift */; };
		25728E83229187B400DAC525 /* Main.storyboard in Resources */ = {isa = PBXBuildFile; fileRef = 25728E81229187B400DAC525 /* Main.storyboard */; };
		25728E85229187B500DAC525 /* Assets.xcassets in Resources */ = {isa = PBXBuildFile; fileRef = 25728E84229187B500DAC525 /* Assets.xcassets */; };
		25728E88229187B500DAC525 /* LaunchScreen.storyboard in Resources */ = {isa = PBXBuildFile; fileRef = 25728E86229187B500DAC525 /* LaunchScreen.storyboard */; };
		25728E93229187B500DAC525 /* BookbinderCocoapodsDemoTests.swift in Sources */ = {isa = PBXBuildFile; fileRef = 25728E92229187B500DAC525 /* BookbinderCocoapodsDemoTests.swift */; };
		38BE382BB95E271F64389EF6 /* Pods_BookbinderCocoapodsDemo.framework in Frameworks */ = {isa = PBXBuildFile; fileRef = 099EB434BFA8E68F5A22ED5C /* Pods_BookbinderCocoapodsDemo.framework */; };
		D130C7B0C62B8F4B50C564EA /* Pods_BookbinderCocoapodsDemoTests.framework in Frameworks */ = {isa = PBXBuildFile; fileRef = C1CCAE25F795E65E8527145E /* Pods_BookbinderCocoapodsDemoTests.framework */; };
/* End PBXBuildFile section */

/* Begin PBXContainerItemProxy section */
		25728E8F229187B500DAC525 /* PBXContainerItemProxy */ = {
			isa = PBXContainerItemProxy;
			containerPortal = 25728E72229187B400DAC525 /* Project object */;
			proxyType = 1;
			remoteGlobalIDString = 25728E79229187B400DAC525;
			remoteInfo = BookbinderCocoapodsDemo;
		};
/* End PBXContainerItemProxy section */

/* Begin PBXFileReference section */
		099EB434BFA8E68F5A22ED5C /* Pods_BookbinderCocoapodsDemo.framework */ = {isa = PBXFileReference; explicitFileType = wrapper.framework; includeInIndex = 0; path = Pods_BookbinderCocoapodsDemo.framework; sourceTree = BUILT_PRODUCTS_DIR; };
		251FD22522E75FB30015C9CA /* epub */ = {isa = PBXFileReference; lastKnownFileType = folder; path = epub; sourceTree = "<group>"; };
		25728E7A229187B400DAC525 /* BookbinderCocoapodsDemo.app */ = {isa = PBXFileReference; explicitFileType = wrapper.application; includeInIndex = 0; path = BookbinderCocoapodsDemo.app; sourceTree = BUILT_PRODUCTS_DIR; };
		25728E7D229187B400DAC525 /* AppDelegate.swift */ = {isa = PBXFileReference; lastKnownFileType = sourcecode.swift; path = AppDelegate.swift; sourceTree = "<group>"; };
		25728E7F229187B400DAC525 /* ViewController.swift */ = {isa = PBXFileReference; lastKnownFileType = sourcecode.swift; path = ViewController.swift; sourceTree = "<group>"; };
		25728E82229187B400DAC525 /* Base */ = {isa = PBXFileReference; lastKnownFileType = file.storyboard; name = Base; path = Base.lproj/Main.storyboard; sourceTree = "<group>"; };
		25728E84229187B500DAC525 /* Assets.xcassets */ = {isa = PBXFileReference; lastKnownFileType = folder.assetcatalog; path = Assets.xcassets; sourceTree = "<group>"; };
		25728E87229187B500DAC525 /* Base */ = {isa = PBXFileReference; lastKnownFileType = file.storyboard; name = Base; path = Base.lproj/LaunchScreen.storyboard; sourceTree = "<group>"; };
		25728E89229187B500DAC525 /* Info.plist */ = {isa = PBXFileReference; lastKnownFileType = text.plist.xml; path = Info.plist; sourceTree = "<group>"; };
		25728E8E229187B500DAC525 /* BookbinderCocoapodsDemoTests.xctest */ = {isa = PBXFileReference; explicitFileType = wrapper.cfbundle; includeInIndex = 0; path = BookbinderCocoapodsDemoTests.xctest; sourceTree = BUILT_PRODUCTS_DIR; };
		25728E92229187B500DAC525 /* BookbinderCocoapodsDemoTests.swift */ = {isa = PBXFileReference; lastKnownFileType = sourcecode.swift; path = BookbinderCocoapodsDemoTests.swift; sourceTree = "<group>"; };
		25728E94229187B500DAC525 /* Info.plist */ = {isa = PBXFileReference; lastKnownFileType = text.plist.xml; path = Info.plist; sourceTree = "<group>"; };
		67DFA35229C2C61FDC688C6B /* Pods-BookbinderCocoapodsDemoTests.release.xcconfig */ = {isa = PBXFileReference; includeInIndex = 1; lastKnownFileType = text.xcconfig; name = "Pods-BookbinderCocoapodsDemoTests.release.xcconfig"; path = "Target Support Files/Pods-BookbinderCocoapodsDemoTests/Pods-BookbinderCocoapodsDemoTests.release.xcconfig"; sourceTree = "<group>"; };
		7DDA79FB6869527AB7A08D20 /* Pods-BookbinderCocoapodsDemoTests.debug.xcconfig */ = {isa = PBXFileReference; includeInIndex = 1; lastKnownFileType = text.xcconfig; name = "Pods-BookbinderCocoapodsDemoTests.debug.xcconfig"; path = "Target Support Files/Pods-BookbinderCocoapodsDemoTests/Pods-BookbinderCocoapodsDemoTests.debug.xcconfig"; sourceTree = "<group>"; };
		C1CCAE25F795E65E8527145E /* Pods_BookbinderCocoapodsDemoTests.framework */ = {isa = PBXFileReference; explicitFileType = wrapper.framework; includeInIndex = 0; path = Pods_BookbinderCocoapodsDemoTests.framework; sourceTree = BUILT_PRODUCTS_DIR; };
		EA073B0F983E41D5996107BF /* Pods-BookbinderCocoapodsDemo.release.xcconfig */ = {isa = PBXFileReference; includeInIndex = 1; lastKnownFileType = text.xcconfig; name = "Pods-BookbinderCocoapodsDemo.release.xcconfig"; path = "Target Support Files/Pods-BookbinderCocoapodsDemo/Pods-BookbinderCocoapodsDemo.release.xcconfig"; sourceTree = "<group>"; };
		EFDE0EA6621CCA09C6AA4B60 /* Pods-BookbinderCocoapodsDemo.debug.xcconfig */ = {isa = PBXFileReference; includeInIndex = 1; lastKnownFileType = text.xcconfig; name = "Pods-BookbinderCocoapodsDemo.debug.xcconfig"; path = "Target Support Files/Pods-BookbinderCocoapodsDemo/Pods-BookbinderCocoapodsDemo.debug.xcconfig"; sourceTree = "<group>"; };
/* End PBXFileReference section */

/* Begin PBXFrameworksBuildPhase section */
		25728E77229187B400DAC525 /* Frameworks */ = {
			isa = PBXFrameworksBuildPhase;
			buildActionMask = 2147483647;
			files = (
				38BE382BB95E271F64389EF6 /* Pods_BookbinderCocoapodsDemo.framework in Frameworks */,
			);
			runOnlyForDeploymentPostprocessing = 0;
		};
		25728E8B229187B500DAC525 /* Frameworks */ = {
			isa = PBXFrameworksBuildPhase;
			buildActionMask = 2147483647;
			files = (
				D130C7B0C62B8F4B50C564EA /* Pods_BookbinderCocoapodsDemoTests.framework in Frameworks */,
			);
			runOnlyForDeploymentPostprocessing = 0;
		};
/* End PBXFrameworksBuildPhase section */

/* Begin PBXGroup section */
		25728E71229187B400DAC525 = {
			isa = PBXGroup;
			children = (
				25728E7C229187B400DAC525 /* BookbinderCocoapodsDemo */,
				25728E91229187B500DAC525 /* BookbinderCocoapodsDemoTests */,
				25728E7B229187B400DAC525 /* Products */,
				6ACBF8B1755106B3E0182A12 /* Pods */,
				6993174DCAF890DB1B7F0670 /* Frameworks */,
			);
			sourceTree = "<group>";
		};
		25728E7B229187B400DAC525 /* Products */ = {
			isa = PBXGroup;
			children = (
				25728E7A229187B400DAC525 /* BookbinderCocoapodsDemo.app */,
				25728E8E229187B500DAC525 /* BookbinderCocoapodsDemoTests.xctest */,
			);
			name = Products;
			sourceTree = "<group>";
		};
		25728E7C229187B400DAC525 /* BookbinderCocoapodsDemo */ = {
			isa = PBXGroup;
			children = (
				251FD22522E75FB30015C9CA /* epub */,
				25728E7D229187B400DAC525 /* AppDelegate.swift */,
				25728E7F229187B400DAC525 /* ViewController.swift */,
				25728E81229187B400DAC525 /* Main.storyboard */,
				25728E84229187B500DAC525 /* Assets.xcassets */,
				25728E86229187B500DAC525 /* LaunchScreen.storyboard */,
				25728E89229187B500DAC525 /* Info.plist */,
			);
			path = BookbinderCocoapodsDemo;
			sourceTree = "<group>";
		};
		25728E91229187B500DAC525 /* BookbinderCocoapodsDemoTests */ = {
			isa = PBXGroup;
			children = (
				25728E92229187B500DAC525 /* BookbinderCocoapodsDemoTests.swift */,
				25728E94229187B500DAC525 /* Info.plist */,
			);
			path = BookbinderCocoapodsDemoTests;
			sourceTree = "<group>";
		};
		6993174DCAF890DB1B7F0670 /* Frameworks */ = {
			isa = PBXGroup;
			children = (
				099EB434BFA8E68F5A22ED5C /* Pods_BookbinderCocoapodsDemo.framework */,
				C1CCAE25F795E65E8527145E /* Pods_BookbinderCocoapodsDemoTests.framework */,
			);
			name = Frameworks;
			sourceTree = "<group>";
		};
		6ACBF8B1755106B3E0182A12 /* Pods */ = {
			isa = PBXGroup;
			children = (
				EFDE0EA6621CCA09C6AA4B60 /* Pods-BookbinderCocoapodsDemo.debug.xcconfig */,
				EA073B0F983E41D5996107BF /* Pods-BookbinderCocoapodsDemo.release.xcconfig */,
				7DDA79FB6869527AB7A08D20 /* Pods-BookbinderCocoapodsDemoTests.debug.xcconfig */,
				67DFA35229C2C61FDC688C6B /* Pods-BookbinderCocoapodsDemoTests.release.xcconfig */,
			);
			path = Pods;
			sourceTree = "<group>";
		};
/* End PBXGroup section */

/* Begin PBXNativeTarget section */
		25728E79229187B400DAC525 /* BookbinderCocoapodsDemo */ = {
			isa = PBXNativeTarget;
			buildConfigurationList = 25728E97229187B500DAC525 /* Build configuration list for PBXNativeTarget "BookbinderCocoapodsDemo" */;
			buildPhases = (
				0A47EDD0BCB71EF3F8D52EAC /* [CP] Check Pods Manifest.lock */,
				25728E76229187B400DAC525 /* Sources */,
				25728E77229187B400DAC525 /* Frameworks */,
				25728E78229187B400DAC525 /* Resources */,
				8DB659BFDFDEC28169706ECD /* [CP] Embed Pods Frameworks */,
			);
			buildRules = (
			);
			dependencies = (
			);
			name = BookbinderCocoapodsDemo;
			productName = BookbinderCocoapodsDemo;
			productReference = 25728E7A229187B400DAC525 /* BookbinderCocoapodsDemo.app */;
			productType = "com.apple.product-type.application";
		};
		25728E8D229187B500DAC525 /* BookbinderCocoapodsDemoTests */ = {
			isa = PBXNativeTarget;
			buildConfigurationList = 25728E9A229187B500DAC525 /* Build configuration list for PBXNativeTarget "BookbinderCocoapodsDemoTests" */;
			buildPhases = (
				915175C1A5E49D360A046D32 /* [CP] Check Pods Manifest.lock */,
				25728E8A229187B500DAC525 /* Sources */,
				25728E8B229187B500DAC525 /* Frameworks */,
				25728E8C229187B500DAC525 /* Resources */,
			);
			buildRules = (
			);
			dependencies = (
				25728E90229187B500DAC525 /* PBXTargetDependency */,
			);
			name = BookbinderCocoapodsDemoTests;
			productName = BookbinderCocoapodsDemoTests;
			productReference = 25728E8E229187B500DAC525 /* BookbinderCocoapodsDemoTests.xctest */;
			productType = "com.apple.product-type.bundle.unit-test";
		};
/* End PBXNativeTarget section */

/* Begin PBXProject section */
		25728E72229187B400DAC525 /* Project object */ = {
			isa = PBXProject;
			attributes = {
				LastSwiftUpdateCheck = 1020;
				LastUpgradeCheck = 1020;
				ORGANIZATIONNAME = "Stone Zhang";
				TargetAttributes = {
					25728E79229187B400DAC525 = {
						CreatedOnToolsVersion = 10.2;
					};
					25728E8D229187B500DAC525 = {
						CreatedOnToolsVersion = 10.2;
						TestTargetID = 25728E79229187B400DAC525;
					};
				};
			};
			buildConfigurationList = 25728E75229187B400DAC525 /* Build configuration list for PBXProject "BookbinderCocoapodsDemo" */;
			compatibilityVersion = "Xcode 9.3";
			developmentRegion = en;
			hasScannedForEncodings = 0;
			knownRegions = (
				en,
				Base,
			);
			mainGroup = 25728E71229187B400DAC525;
			productRefGroup = 25728E7B229187B400DAC525 /* Products */;
			projectDirPath = "";
			projectRoot = "";
			targets = (
				25728E79229187B400DAC525 /* BookbinderCocoapodsDemo */,
				25728E8D229187B500DAC525 /* BookbinderCocoapodsDemoTests */,
			);
		};
/* End PBXProject section */

/* Begin PBXResourcesBuildPhase section */
		25728E78229187B400DAC525 /* Resources */ = {
			isa = PBXResourcesBuildPhase;
			buildActionMask = 2147483647;
			files = (
				251FD22622E75FB30015C9CA /* epub in Resources */,
				25728E88229187B500DAC525 /* LaunchScreen.storyboard in Resources */,
				25728E85229187B500DAC525 /* Assets.xcassets in Resources */,
				25728E83229187B400DAC525 /* Main.storyboard in Resources */,
			);
			runOnlyForDeploymentPostprocessing = 0;
		};
		25728E8C229187B500DAC525 /* Resources */ = {
			isa = PBXResourcesBuildPhase;
			buildActionMask = 2147483647;
			files = (
			);
			runOnlyForDeploymentPostprocessing = 0;
		};
/* End PBXResourcesBuildPhase section */

/* Begin PBXShellScriptBuildPhase section */
		0A47EDD0BCB71EF3F8D52EAC /* [CP] Check Pods Manifest.lock */ = {
			isa = PBXShellScriptBuildPhase;
			buildActionMask = 2147483647;
			files = (
			);
			inputFileListPaths = (
			);
			inputPaths = (
				"${PODS_PODFILE_DIR_PATH}/Podfile.lock",
				"${PODS_ROOT}/Manifest.lock",
			);
			name = "[CP] Check Pods Manifest.lock";
			outputFileListPaths = (
			);
			outputPaths = (
				"$(DERIVED_FILE_DIR)/Pods-BookbinderCocoapodsDemo-checkManifestLockResult.txt",
			);
			runOnlyForDeploymentPostprocessing = 0;
			shellPath = /bin/sh;
			shellScript = "diff \"${PODS_PODFILE_DIR_PATH}/Podfile.lock\" \"${PODS_ROOT}/Manifest.lock\" > /dev/null\nif [ $? != 0 ] ; then\n    # print error to STDERR\n    echo \"error: The sandbox is not in sync with the Podfile.lock. Run 'pod install' or update your CocoaPods installation.\" >&2\n    exit 1\nfi\n# This output is used by Xcode 'outputs' to avoid re-running this script phase.\necho \"SUCCESS\" > \"${SCRIPT_OUTPUT_FILE_0}\"\n";
			showEnvVarsInLog = 0;
		};
		8DB659BFDFDEC28169706ECD /* [CP] Embed Pods Frameworks */ = {
			isa = PBXShellScriptBuildPhase;
			buildActionMask = 2147483647;
			files = (
			);
			inputFileListPaths = (
				"${PODS_ROOT}/Target Support Files/Pods-BookbinderCocoapodsDemo/Pods-BookbinderCocoapodsDemo-frameworks-${CONFIGURATION}-input-files.xcfilelist",
			);
			name = "[CP] Embed Pods Frameworks";
			outputFileListPaths = (
				"${PODS_ROOT}/Target Support Files/Pods-BookbinderCocoapodsDemo/Pods-BookbinderCocoapodsDemo-frameworks-${CONFIGURATION}-output-files.xcfilelist",
			);
			runOnlyForDeploymentPostprocessing = 0;
			shellPath = /bin/sh;
			shellScript = "\"${PODS_ROOT}/Target Support Files/Pods-BookbinderCocoapodsDemo/Pods-BookbinderCocoapodsDemo-frameworks.sh\"\n";
			showEnvVarsInLog = 0;
		};
		915175C1A5E49D360A046D32 /* [CP] Check Pods Manifest.lock */ = {
			isa = PBXShellScriptBuildPhase;
			buildActionMask = 2147483647;
			files = (
			);
			inputFileListPaths = (
			);
			inputPaths = (
				"${PODS_PODFILE_DIR_PATH}/Podfile.lock",
				"${PODS_ROOT}/Manifest.lock",
			);
			name = "[CP] Check Pods Manifest.lock";
			outputFileListPaths = (
			);
			outputPaths = (
				"$(DERIVED_FILE_DIR)/Pods-BookbinderCocoapodsDemoTests-checkManifestLockResult.txt",
			);
			runOnlyForDeploymentPostprocessing = 0;
			shellPath = /bin/sh;
			shellScript = "diff \"${PODS_PODFILE_DIR_PATH}/Podfile.lock\" \"${PODS_ROOT}/Manifest.lock\" > /dev/null\nif [ $? != 0 ] ; then\n    # print error to STDERR\n    echo \"error: The sandbox is not in sync with the Podfile.lock. Run 'pod install' or update your CocoaPods installation.\" >&2\n    exit 1\nfi\n# This output is used by Xcode 'outputs' to avoid re-running this script phase.\necho \"SUCCESS\" > \"${SCRIPT_OUTPUT_FILE_0}\"\n";
			showEnvVarsInLog = 0;
		};
/* End PBXShellScriptBuildPhase section */

/* Begin PBXSourcesBuildPhase section */
		25728E76229187B400DAC525 /* Sources */ = {
			isa = PBXSourcesBuildPhase;
			buildActionMask = 2147483647;
			files = (
				25728E80229187B400DAC525 /* ViewController.swift in Sources */,
				25728E7E229187B400DAC525 /* AppDelegate.swift in Sources */,
			);
			runOnlyForDeploymentPostprocessing = 0;
		};
		25728E8A229187B500DAC525 /* Sources */ = {
			isa = PBXSourcesBuildPhase;
			buildActionMask = 2147483647;
			files = (
				25728E93229187B500DAC525 /* BookbinderCocoapodsDemoTests.swift in Sources */,
			);
			runOnlyForDeploymentPostprocessing = 0;
		};
/* End PBXSourcesBuildPhase section */

/* Begin PBXTargetDependency section */
		25728E90229187B500DAC525 /* PBXTargetDependency */ = {
			isa = PBXTargetDependency;
			target = 25728E79229187B400DAC525 /* BookbinderCocoapodsDemo */;
			targetProxy = 25728E8F229187B500DAC525 /* PBXContainerItemProxy */;
		};
/* End PBXTargetDependency section */

/* Begin PBXVariantGroup section */
		25728E81229187B400DAC525 /* Main.storyboard */ = {
			isa = PBXVariantGroup;
			children = (
				25728E82229187B400DAC525 /* Base */,
			);
			name = Main.storyboard;
			sourceTree = "<group>";
		};
		25728E86229187B500DAC525 /* LaunchScreen.storyboard */ = {
			isa = PBXVariantGroup;
			children = (
				25728E87229187B500DAC525 /* Base */,
			);
			name = LaunchScreen.storyboard;
			sourceTree = "<group>";
		};
/* End PBXVariantGroup section */

/* Begin XCBuildConfiguration section */
		25728E95229187B500DAC525 /* Debug */ = {
			isa = XCBuildConfiguration;
			buildSettings = {
				ALWAYS_SEARCH_USER_PATHS = NO;
				CLANG_ANALYZER_NONNULL = YES;
				CLANG_ANALYZER_NUMBER_OBJECT_CONVERSION = YES_AGGRESSIVE;
				CLANG_CXX_LANGUAGE_STANDARD = "gnu++14";
				CLANG_CXX_LIBRARY = "libc++";
				CLANG_ENABLE_MODULES = YES;
				CLANG_ENABLE_OBJC_ARC = YES;
				CLANG_ENABLE_OBJC_WEAK = YES;
				CLANG_WARN_BLOCK_CAPTURE_AUTORELEASING = YES;
				CLANG_WARN_BOOL_CONVERSION = YES;
				CLANG_WARN_COMMA = YES;
				CLANG_WARN_CONSTANT_CONVERSION = YES;
				CLANG_WARN_DEPRECATED_OBJC_IMPLEMENTATIONS = YES;
				CLANG_WARN_DIRECT_OBJC_ISA_USAGE = YES_ERROR;
				CLANG_WARN_DOCUMENTATION_COMMENTS = YES;
				CLANG_WARN_EMPTY_BODY = YES;
				CLANG_WARN_ENUM_CONVERSION = YES;
				CLANG_WARN_INFINITE_RECURSION = YES;
				CLANG_WARN_INT_CONVERSION = YES;
				CLANG_WARN_NON_LITERAL_NULL_CONVERSION = YES;
				CLANG_WARN_OBJC_IMPLICIT_RETAIN_SELF = YES;
				CLANG_WARN_OBJC_LITERAL_CONVERSION = YES;
				CLANG_WARN_OBJC_ROOT_CLASS = YES_ERROR;
				CLANG_WARN_RANGE_LOOP_ANALYSIS = YES;
				CLANG_WARN_STRICT_PROTOTYPES = YES;
				CLANG_WARN_SUSPICIOUS_MOVE = YES;
				CLANG_WARN_UNGUARDED_AVAILABILITY = YES_AGGRESSIVE;
				CLANG_WARN_UNREACHABLE_CODE = YES;
				CLANG_WARN__DUPLICATE_METHOD_MATCH = YES;
				CODE_SIGN_IDENTITY = "iPhone Developer";
				COPY_PHASE_STRIP = NO;
				DEBUG_INFORMATION_FORMAT = dwarf;
				ENABLE_STRICT_OBJC_MSGSEND = YES;
				ENABLE_TESTABILITY = YES;
				GCC_C_LANGUAGE_STANDARD = gnu11;
				GCC_DYNAMIC_NO_PIC = NO;
				GCC_NO_COMMON_BLOCKS = YES;
				GCC_OPTIMIZATION_LEVEL = 0;
				GCC_PREPROCESSOR_DEFINITIONS = (
					"DEBUG=1",
					"$(inherited)",
				);
				GCC_WARN_64_TO_32_BIT_CONVERSION = YES;
				GCC_WARN_ABOUT_RETURN_TYPE = YES_ERROR;
				GCC_WARN_UNDECLARED_SELECTOR = YES;
				GCC_WARN_UNINITIALIZED_AUTOS = YES_AGGRESSIVE;
				GCC_WARN_UNUSED_FUNCTION = YES;
				GCC_WARN_UNUSED_VARIABLE = YES;
				IPHONEOS_DEPLOYMENT_TARGET = 10.0;
				MTL_ENABLE_DEBUG_INFO = INCLUDE_SOURCE;
				MTL_FAST_MATH = YES;
				ONLY_ACTIVE_ARCH = YES;
				SDKROOT = iphoneos;
				SWIFT_ACTIVE_COMPILATION_CONDITIONS = DEBUG;
				SWIFT_OPTIMIZATION_LEVEL = "-Onone";
			};
			name = Debug;
		};
		25728E96229187B500DAC525 /* Release */ = {
			isa = XCBuildConfiguration;
			buildSettings = {
				ALWAYS_SEARCH_USER_PATHS = NO;
				CLANG_ANALYZER_NONNULL = YES;
				CLANG_ANALYZER_NUMBER_OBJECT_CONVERSION = YES_AGGRESSIVE;
				CLANG_CXX_LANGUAGE_STANDARD = "gnu++14";
				CLANG_CXX_LIBRARY = "libc++";
				CLANG_ENABLE_MODULES = YES;
				CLANG_ENABLE_OBJC_ARC = YES;
				CLANG_ENABLE_OBJC_WEAK = YES;
				CLANG_WARN_BLOCK_CAPTURE_AUTORELEASING = YES;
				CLANG_WARN_BOOL_CONVERSION = YES;
				CLANG_WARN_COMMA = YES;
				CLANG_WARN_CONSTANT_CONVERSION = YES;
				CLANG_WARN_DEPRECATED_OBJC_IMPLEMENTATIONS = YES;
				CLANG_WARN_DIRECT_OBJC_ISA_USAGE = YES_ERROR;
				CLANG_WARN_DOCUMENTATION_COMMENTS = YES;
				CLANG_WARN_EMPTY_BODY = YES;
				CLANG_WARN_ENUM_CONVERSION = YES;
				CLANG_WARN_INFINITE_RECURSION = YES;
				CLANG_WARN_INT_CONVERSION = YES;
				CLANG_WARN_NON_LITERAL_NULL_CONVERSION = YES;
				CLANG_WARN_OBJC_IMPLICIT_RETAIN_SELF = YES;
				CLANG_WARN_OBJC_LITERAL_CONVERSION = YES;
				CLANG_WARN_OBJC_ROOT_CLASS = YES_ERROR;
				CLANG_WARN_RANGE_LOOP_ANALYSIS = YES;
				CLANG_WARN_STRICT_PROTOTYPES = YES;
				CLANG_WARN_SUSPICIOUS_MOVE = YES;
				CLANG_WARN_UNGUARDED_AVAILABILITY = YES_AGGRESSIVE;
				CLANG_WARN_UNREACHABLE_CODE = YES;
				CLANG_WARN__DUPLICATE_METHOD_MATCH = YES;
				CODE_SIGN_IDENTITY = "iPhone Developer";
				COPY_PHASE_STRIP = NO;
				DEBUG_INFORMATION_FORMAT = "dwarf-with-dsym";
				ENABLE_NS_ASSERTIONS = NO;
				ENABLE_STRICT_OBJC_MSGSEND = YES;
				GCC_C_LANGUAGE_STANDARD = gnu11;
				GCC_NO_COMMON_BLOCKS = YES;
				GCC_WARN_64_TO_32_BIT_CONVERSION = YES;
				GCC_WARN_ABOUT_RETURN_TYPE = YES_ERROR;
				GCC_WARN_UNDECLARED_SELECTOR = YES;
				GCC_WARN_UNINITIALIZED_AUTOS = YES_AGGRESSIVE;
				GCC_WARN_UNUSED_FUNCTION = YES;
				GCC_WARN_UNUSED_VARIABLE = YES;
				IPHONEOS_DEPLOYMENT_TARGET = 10.0;
				MTL_ENABLE_DEBUG_INFO = NO;
				MTL_FAST_MATH = YES;
				SDKROOT = iphoneos;
				SWIFT_COMPILATION_MODE = wholemodule;
				SWIFT_OPTIMIZATION_LEVEL = "-O";
				VALIDATE_PRODUCT = YES;
			};
			name = Release;
		};
		25728E98229187B500DAC525 /* Debug */ = {
			isa = XCBuildConfiguration;
			baseConfigurationReference = EFDE0EA6621CCA09C6AA4B60 /* Pods-BookbinderCocoapodsDemo.debug.xcconfig */;
			buildSettings = {
				ASSETCATALOG_COMPILER_APPICON_NAME = AppIcon;
				CODE_SIGN_STYLE = Automatic;
				DEVELOPMENT_TEAM = CCBW5GSHKT;
				INFOPLIST_FILE = BookbinderCocoapodsDemo/Info.plist;
				LD_RUNPATH_SEARCH_PATHS = (
					"$(inherited)",
					"@executable_path/Frameworks",
				);
				PRODUCT_BUNDLE_IDENTIFIER = stonezhl.BookbinderCocoapodsDemo;
				PRODUCT_NAME = "$(TARGET_NAME)";
				SWIFT_VERSION = 5.0;
				TARGETED_DEVICE_FAMILY = "1,2";
			};
			name = Debug;
		};
		25728E99229187B500DAC525 /* Release */ = {
			isa = XCBuildConfiguration;
			baseConfigurationReference = EA073B0F983E41D5996107BF /* Pods-BookbinderCocoapodsDemo.release.xcconfig */;
			buildSettings = {
				ASSETCATALOG_COMPILER_APPICON_NAME = AppIcon;
				CODE_SIGN_STYLE = Automatic;
				DEVELOPMENT_TEAM = CCBW5GSHKT;
				INFOPLIST_FILE = BookbinderCocoapodsDemo/Info.plist;
				LD_RUNPATH_SEARCH_PATHS = (
					"$(inherited)",
					"@executable_path/Frameworks",
				);
				PRODUCT_BUNDLE_IDENTIFIER = stonezhl.BookbinderCocoapodsDemo;
				PRODUCT_NAME = "$(TARGET_NAME)";
				SWIFT_VERSION = 5.0;
				TARGETED_DEVICE_FAMILY = "1,2";
			};
			name = Release;
		};
		25728E9B229187B500DAC525 /* Debug */ = {
			isa = XCBuildConfiguration;
			baseConfigurationReference = 7DDA79FB6869527AB7A08D20 /* Pods-BookbinderCocoapodsDemoTests.debug.xcconfig */;
			buildSettings = {
				ALWAYS_EMBED_SWIFT_STANDARD_LIBRARIES = YES;
				BUNDLE_LOADER = "$(TEST_HOST)";
				CODE_SIGN_STYLE = Automatic;
				DEVELOPMENT_TEAM = CCBW5GSHKT;
				INFOPLIST_FILE = BookbinderCocoapodsDemoTests/Info.plist;
				LD_RUNPATH_SEARCH_PATHS = (
					"$(inherited)",
					"@executable_path/Frameworks",
					"@loader_path/Frameworks",
				);
				PRODUCT_BUNDLE_IDENTIFIER = stonezhl.BookbinderCocoapodsDemoTests;
				PRODUCT_NAME = "$(TARGET_NAME)";
				SWIFT_VERSION = 5.0;
				TARGETED_DEVICE_FAMILY = "1,2";
				TEST_HOST = "$(BUILT_PRODUCTS_DIR)/BookbinderCocoapodsDemo.app/BookbinderCocoapodsDemo";
			};
			name = Debug;
		};
		25728E9C229187B500DAC525 /* Release */ = {
			isa = XCBuildConfiguration;
			baseConfigurationReference = 67DFA35229C2C61FDC688C6B /* Pods-BookbinderCocoapodsDemoTests.release.xcconfig */;
			buildSettings = {
				ALWAYS_EMBED_SWIFT_STANDARD_LIBRARIES = YES;
				BUNDLE_LOADER = "$(TEST_HOST)";
				CODE_SIGN_STYLE = Automatic;
				DEVELOPMENT_TEAM = CCBW5GSHKT;
				INFOPLIST_FILE = BookbinderCocoapodsDemoTests/Info.plist;
				LD_RUNPATH_SEARCH_PATHS = (
					"$(inherited)",
					"@executable_path/Frameworks",
					"@loader_path/Frameworks",
				);
				PRODUCT_BUNDLE_IDENTIFIER = stonezhl.BookbinderCocoapodsDemoTests;
				PRODUCT_NAME = "$(TARGET_NAME)";
				SWIFT_VERSION = 5.0;
				TARGETED_DEVICE_FAMILY = "1,2";
				TEST_HOST = "$(BUILT_PRODUCTS_DIR)/BookbinderCocoapodsDemo.app/BookbinderCocoapodsDemo";
			};
			name = Release;
		};
/* End XCBuildConfiguration section */

/* Begin XCConfigurationList section */
		25728E75229187B400DAC525 /* Build configuration list for PBXProject "BookbinderCocoapodsDemo" */ = {
			isa = XCConfigurationList;
			buildConfigurations = (
				25728E95229187B500DAC525 /* Debug */,
				25728E96229187B500DAC525 /* Release */,
			);
			defaultConfigurationIsVisible = 0;
			defaultConfigurationName = Release;
		};
		25728E97229187B500DAC525 /* Build configuration list for PBXNativeTarget "BookbinderCocoapodsDemo" */ = {
			isa = XCConfigurationList;
			buildConfigurations = (
				25728E98229187B500DAC525 /* Debug */,
				25728E99229187B500DAC525 /* Release */,
			);
			defaultConfigurationIsVisible = 0;
			defaultConfigurationName = Release;
		};
		25728E9A229187B500DAC525 /* Build configuration list for PBXNativeTarget "BookbinderCocoapodsDemoTests" */ = {
			isa = XCConfigurationList;
			buildConfigurations = (
				25728E9B229187B500DAC525 /* Debug */,
				25728E9C229187B500DAC525 /* Release */,
			);
			defaultConfigurationIsVisible = 0;
			defaultConfigurationName = Release;
		};
/* End XCConfigurationList section */
	};
	rootObject = 25728E72229187B400DAC525 /* Project object */;
}
